
Microsoft Visual Studio Solution File, Format Version 12.00
# Visual Studio 15
VisualStudioVersion = 15.0.28307.168
MinimumVisualStudioVersion = 10.0.40219.1
Project("{2150E333-8FDC-42A3-9474-1A3956D46DE8}") = "src", "src", "{057B6188-9134-41A6-A0AA-7A2753074963}"
EndProject
Project("{FAE04EC0-301F-11D3-BF4B-00C04F79EFBC}") = "cloudscribe.WebApp", "src\cloudscribe.WebApp\cloudscribe.WebApp.csproj", "{A0E78D6C-B457-4E1C-BD7E-1F9CB6C423F5}"
EndProject
Global
	GlobalSection(SolutionConfigurationPlatforms) = preSolution
		Debug|Any CPU = Debug|Any CPU
		Release|Any CPU = Release|Any CPU
	EndGlobalSection
	GlobalSection(ProjectConfigurationPlatforms) = postSolution
		{A0E78D6C-B457-4E1C-BD7E-1F9CB6C423F5}.Debug|Any CPU.ActiveCfg = Debug|Any CPU
		{A0E78D6C-B457-4E1C-BD7E-1F9CB6C423F5}.Debug|Any CPU.Build.0 = Debug|Any CPU
		{A0E78D6C-B457-4E1C-BD7E-1F9CB6C423F5}.Release|Any CPU.ActiveCfg = Release|Any CPU
		{A0E78D6C-B457-4E1C-BD7E-1F9CB6C423F5}.Release|Any CPU.Build.0 = Release|Any CPU
	EndGlobalSection
	GlobalSection(SolutionProperties) = preSolution
		HideSolutionNode = FALSE
	EndGlobalSection
	GlobalSection(NestedProjects) = preSolution
		{A0E78D6C-B457-4E1C-BD7E-1F9CB6C423F5} = {057B6188-9134-41A6-A0AA-7A2753074963}
	EndGlobalSection
	GlobalSection(ExtensibilityGlobals) = postSolution
		SolutionGuid = {19CBAF23-6398-4EBB-937E-0931DC3887BE}
	EndGlobalSection
EndGlobal
